
Microsoft Visual Studio Solution File, Format Version 12.00
# Visual Studio 15
VisualStudioVersion = 15.0.27703.2035
MinimumVisualStudioVersion = 10.0.40219.1
Project("{FAE04EC0-301F-11D3-BF4B-00C04F79EFBC}") = "ListOperator", "ListOperator\ListOperator.csproj", "{4BEC54F1-F5AF-44F9-9D6F-AEFF381B0D8D}"
EndProject
Project("{FAE04EC0-301F-11D3-BF4B-00C04F79EFBC}") = "ListOperatorTests", "ListOperatorTests\ListOperatorTests.csproj", "{3A4C8A76-36BA-4AFB-ADEF-AF2956950AB8}"
EndProject
Global
	GlobalSection(SolutionConfigurationPlatforms) = preSolution
		Debug|Any CPU = Debug|Any CPU
		Release|Any CPU = Release|Any CPU
	EndGlobalSection
	GlobalSection(ProjectConfigurationPlatforms) = postSolution
		{4BEC54F1-F5AF-44F9-9D6F-AEFF381B0D8D}.Debug|Any CPU.ActiveCfg = Debug|Any CPU
		{4BEC54F1-F5AF-44F9-9D6F-AEFF381B0D8D}.Debug|Any CPU.Build.0 = Debug|Any CPU
		{4BEC54F1-F5AF-44F9-9D6F-AEFF381B0D8D}.Release|Any CPU.ActiveCfg = Release|Any CPU
		{4BEC54F1-F5AF-44F9-9D6F-AEFF381B0D8D}.Release|Any CPU.Build.0 = Release|Any CPU
		{3A4C8A76-36BA-4AFB-ADEF-AF2956950AB8}.Debug|Any CPU.ActiveCfg = Debug|Any CPU
		{3A4C8A76-36BA-4AFB-ADEF-AF2956950AB8}.Debug|Any CPU.Build.0 = Debug|Any CPU
		{3A4C8A76-36BA-4AFB-ADEF-AF2956950AB8}.Release|Any CPU.ActiveCfg = Release|Any CPU
		{3A4C8A76-36BA-4AFB-ADEF-AF2956950AB8}.Release|Any CPU.Build.0 = Release|Any CPU
	EndGlobalSection
	GlobalSection(SolutionProperties) = preSolution
		HideSolutionNode = FALSE
	EndGlobalSection
	GlobalSection(ExtensibilityGlobals) = postSolution
		SolutionGuid = {0CE1D673-FA8F-4ABD-AA0E-A1A9F37DE497}
	EndGlobalSection
EndGlobal
